
Microsoft Visual Studio Solution File, Format Version 12.00
# Visual Studio Version 16
VisualStudioVersion = 16.0.31321.278
MinimumVisualStudioVersion = 10.0.40219.1
Project("{9A19103F-16F7-4668-BE54-9A1E7A4F7556}") = "P0", "P0.csproj", "{80B0D52E-3262-4A4E-A85E-23E892112331}"
	ProjectSection(ProjectDependencies) = postProject
		{96AF97BA-3D99-442E-B817-977A72E8C6A9} = {96AF97BA-3D99-442E-B817-977A72E8C6A9}
	EndProjectSection
EndProject
Project("{FAE04EC0-301F-11D3-BF4B-00C04F79EFBC}") = "P0AccessDatabase", "..\P0AccessDatabase\P0AccessDatabase.csproj", "{96AF97BA-3D99-442E-B817-977A72E8C6A9}"
EndProject
Project("{FAE04EC0-301F-11D3-BF4B-00C04F79EFBC}") = "P0BusisnessLogic", "..\P0BusisnessLogic\P0BusisnessLogic.csproj", "{84D17661-86FE-4EEA-8357-512A7324DDD5}"
EndProject
Global
	GlobalSection(SolutionConfigurationPlatforms) = preSolution
		Debug|Any CPU = Debug|Any CPU
		Release|Any CPU = Release|Any CPU
	EndGlobalSection
	GlobalSection(ProjectConfigurationPlatforms) = postSolution
		{80B0D52E-3262-4A4E-A85E-23E892112331}.Debug|Any CPU.ActiveCfg = Debug|Any CPU
		{80B0D52E-3262-4A4E-A85E-23E892112331}.Debug|Any CPU.Build.0 = Debug|Any CPU
		{80B0D52E-3262-4A4E-A85E-23E892112331}.Release|Any CPU.ActiveCfg = Release|Any CPU
		{80B0D52E-3262-4A4E-A85E-23E892112331}.Release|Any CPU.Build.0 = Release|Any CPU
		{96AF97BA-3D99-442E-B817-977A72E8C6A9}.Debug|Any CPU.ActiveCfg = Debug|Any CPU
		{96AF97BA-3D99-442E-B817-977A72E8C6A9}.Debug|Any CPU.Build.0 = Debug|Any CPU
		{96AF97BA-3D99-442E-B817-977A72E8C6A9}.Release|Any CPU.ActiveCfg = Release|Any CPU
		{96AF97BA-3D99-442E-B817-977A72E8C6A9}.Release|Any CPU.Build.0 = Release|Any CPU
		{84D17661-86FE-4EEA-8357-512A7324DDD5}.Debug|Any CPU.ActiveCfg = Debug|Any CPU
		{84D17661-86FE-4EEA-8357-512A7324DDD5}.Debug|Any CPU.Build.0 = Debug|Any CPU
		{84D17661-86FE-4EEA-8357-512A7324DDD5}.Release|Any CPU.ActiveCfg = Release|Any CPU
		{84D17661-86FE-4EEA-8357-512A7324DDD5}.Release|Any CPU.Build.0 = Release|Any CPU
	EndGlobalSection
	GlobalSection(SolutionProperties) = preSolution
		HideSolutionNode = FALSE
	EndGlobalSection
	GlobalSection(ExtensibilityGlobals) = postSolution
		SolutionGuid = {9980520F-EDB8-4D8A-96B3-D1D1772E8F8B}
	EndGlobalSection
EndGlobal
